
Microsoft Visual Studio Solution File, Format Version 12.00
# Visual Studio Version 16
VisualStudioVersion = 16.0.30011.22
MinimumVisualStudioVersion = 10.0.40219.1
Project("{FAE04EC0-301F-11D3-BF4B-00C04F79EFBC}") = "ExcelToSqlDatabaseProject", "ExcelToSqlDatabaseProject.csproj", "{78A3DDFC-52CD-4F25-8158-0C66DC7744EE}"
EndProject
Global
	GlobalSection(SolutionConfigurationPlatforms) = preSolution
		Debug|Any CPU = Debug|Any CPU
		Release|Any CPU = Release|Any CPU
	EndGlobalSection
	GlobalSection(ProjectConfigurationPlatforms) = postSolution
		{78A3DDFC-52CD-4F25-8158-0C66DC7744EE}.Debug|Any CPU.ActiveCfg = Debug|Any CPU
		{78A3DDFC-52CD-4F25-8158-0C66DC7744EE}.Debug|Any CPU.Build.0 = Debug|Any CPU
		{78A3DDFC-52CD-4F25-8158-0C66DC7744EE}.Release|Any CPU.ActiveCfg = Release|Any CPU
		{78A3DDFC-52CD-4F25-8158-0C66DC7744EE}.Release|Any CPU.Build.0 = Release|Any CPU
	EndGlobalSection
	GlobalSection(SolutionProperties) = preSolution
		HideSolutionNode = FALSE
	EndGlobalSection
	GlobalSection(ExtensibilityGlobals) = postSolution
		SolutionGuid = {949FD2B7-30A8-4DD0-A634-8851350EBB76}
	EndGlobalSection
EndGlobal
